
Microsoft Visual Studio Solution File, Format Version 12.00
# Visual Studio Version 17
VisualStudioVersion = 17.0.31912.275
MinimumVisualStudioVersion = 10.0.40219.1
Project("{2150E333-8FDC-42A3-9474-1A3956D46DE8}") = "Domain", "Domain", "{35DBF8F8-89E6-4933-8D12-53839B0099AD}"
EndProject
Project("{2150E333-8FDC-42A3-9474-1A3956D46DE8}") = "Data", "Data", "{FD1D6428-700A-4EC4-8719-43316A02E2E8}"
EndProject
Project("{2150E333-8FDC-42A3-9474-1A3956D46DE8}") = "CrossCutting", "CrossCutting", "{897E3069-D187-4823-B0CB-B0D91F2A8F2C}"
EndProject
Project("{2150E333-8FDC-42A3-9474-1A3956D46DE8}") = "Core", "Core", "{312C1D97-69B0-4D6B-89A4-0A2205E98506}"
EndProject
Project("{2150E333-8FDC-42A3-9474-1A3956D46DE8}") = "Person", "Person", "{F127B804-43DA-4065-99C7-18AA7CF72818}"
EndProject
Project("{2150E333-8FDC-42A3-9474-1A3956D46DE8}") = "Domain", "Domain", "{17FA4084-4E12-41C8-9404-C73CAC88939F}"
EndProject
Project("{2150E333-8FDC-42A3-9474-1A3956D46DE8}") = "Data", "Data", "{5CAD5E38-39CD-4E2E-A939-6AF0D3E8A3D8}"
EndProject
Project("{2150E333-8FDC-42A3-9474-1A3956D46DE8}") = "Solution Items", "Solution Items", "{3532BD6A-AE76-4409-A57E-778480DD2FDD}"
	ProjectSection(SolutionItems) = preProject
		.editorconfig = .editorconfig
	EndProjectSection
EndProject
Project("{2150E333-8FDC-42A3-9474-1A3956D46DE8}") = "Application", "Application", "{5D2F8A72-9229-4401-8D54-5F80F2127C6F}"
EndProject
Project("{2150E333-8FDC-42A3-9474-1A3956D46DE8}") = "Application", "Application", "{759A7F80-A18D-48C4-83AD-88AE07C8A917}"
EndProject
Project("{2150E333-8FDC-42A3-9474-1A3956D46DE8}") = "EntryPoint", "EntryPoint", "{3D89DD61-1963-4B3A-B874-2849EF59189C}"
EndProject
Project("{2150E333-8FDC-42A3-9474-1A3956D46DE8}") = "Test", "Test", "{F71C34CE-E780-422A-89C3-299E68C3F8DA}"
EndProject
Project("{2150E333-8FDC-42A3-9474-1A3956D46DE8}") = "AuditTrail", "AuditTrail", "{57AF1E70-0171-4E34-85D3-3C87F657D684}"
EndProject
Project("{9A19103F-16F7-4668-BE54-9A1E7A4F7556}") = "4oito6.Demonstration.AuditTrail.Receiver", "AuditTrail\4oito6.Demonstration.AuditTrail.Receiver\4oito6.Demonstration.AuditTrail.Receiver.csproj", "{A02F6452-51C0-4859-A528-16DE0B39F36C}"
EndProject
Project("{9A19103F-16F7-4668-BE54-9A1E7A4F7556}") = "4oito6.Demonstration.AuditTrail.Sender", "AuditTrail\4oito6.Demonstration.AuditTrail.Sender\4oito6.Demonstration.AuditTrail.Sender.csproj", "{FE6C4890-CD29-4E5E-A0DC-EF8233D5DC6F}"
EndProject
Project("{9A19103F-16F7-4668-BE54-9A1E7A4F7556}") = "4oito6.Demonstration.AuditTrail.Test", "AuditTrail\4oito6.Demonstration.AuditTrail.Test\4oito6.Demonstration.AuditTrail.Test.csproj", "{3A6C5B6E-3FB4-486E-B852-8C47312E73EB}"
EndProject
Project("{9A19103F-16F7-4668-BE54-9A1E7A4F7556}") = "4oito6.Demonstration.CrossCutting.AuditTrail", "AuditTrail\4oito6.Demonstration.CrossCutting.AuditTrail\4oito6.Demonstration.CrossCutting.AuditTrail.csproj", "{B8E8F941-A921-4192-9FE7-8B817354FB29}"
EndProject
Project("{9A19103F-16F7-4668-BE54-9A1E7A4F7556}") = "4oito6.Demonstration.Application", "Core\4oito6.Demonstration.Application\4oito6.Demonstration.Application.csproj", "{4449E99A-7727-44EC-AFD2-83A27E594A80}"
EndProject
Project("{9A19103F-16F7-4668-BE54-9A1E7A4F7556}") = "4oito6.Demonstration.Commons", "Core\4oito6.Demonstration.Commons\4oito6.Demonstration.Commons.csproj", "{9B9642BC-B8B9-4063-98F1-A1C63D44957C}"
EndProject
Project("{9A19103F-16F7-4668-BE54-9A1E7A4F7556}") = "4oito6.Demonstration.Config", "Core\4oito6.Demonstration.Config\4oito6.Demonstration.Config.csproj", "{1B14F542-1BA5-476D-9DCE-680FE0FA6210}"
EndProject
Project("{9A19103F-16F7-4668-BE54-9A1E7A4F7556}") = "4oito6.Demonstration.Data", "Core\4oito6.Demonstration.Data\4oito6.Demonstration.Data.csproj", "{B3674DBC-70FA-4382-B3F3-EC0927C5EB37}"
EndProject
Project("{9A19103F-16F7-4668-BE54-9A1E7A4F7556}") = "4oito6.Demonstration.Domain.Data", "Core\4oito6.Demonstration.Domain.Data\4oito6.Demonstration.Domain.Data.csproj", "{A2151A79-ECCC-40E5-94AE-A348BE11C229}"
EndProject
Project("{9A19103F-16F7-4668-BE54-9A1E7A4F7556}") = "4oito6.Demonstration.Domain.Model", "Core\4oito6.Demonstration.Domain.Model\4oito6.Demonstration.Domain.Model.csproj", "{D76C1EDB-9E57-4342-9074-DAE791DB921A}"
EndProject
Project("{9A19103F-16F7-4668-BE54-9A1E7A4F7556}") = "_4oito6.Demonstration.Person.Application", "Person\_4oito6.Demonstration.Person.Application\_4oito6.Demonstration.Person.Application.csproj", "{0602E58B-7935-419D-83FD-79E2CDF3AE78}"
EndProject
Project("{9A19103F-16F7-4668-BE54-9A1E7A4F7556}") = "4oito6.Demonstration.Person.Data", "Person\4oito6.Demonstration.Person.Data\4oito6.Demonstration.Person.Data.csproj", "{00963BB8-1365-4A25-B4EE-8940D7FD69A3}"
EndProject
Project("{9A19103F-16F7-4668-BE54-9A1E7A4F7556}") = "4oito6.Demonstration.Person.Domain.Data", "Person\4oito6.Demonstration.Person.Domain.Data\4oito6.Demonstration.Person.Domain.Data.csproj", "{E09B4D85-347A-49BB-B076-025AAFCB071E}"
EndProject
Project("{9A19103F-16F7-4668-BE54-9A1E7A4F7556}") = "4oito6.Demonstration.Person.Domain.Services", "Person\4oito6.Demonstration.Person.Domain.Services\4oito6.Demonstration.Person.Domain.Services.csproj", "{EEE840E9-6F86-41C3-9458-13C087D096EF}"
EndProject
Project("{9A19103F-16F7-4668-BE54-9A1E7A4F7556}") = "4oito6.Demonstration.Person.EntryPoint", "Person\4oito6.Demonstration.Person.EntryPoint\4oito6.Demonstration.Person.EntryPoint.csproj", "{3660D13A-53DF-4CD2-8F5B-2A63B8F94128}"
EndProject
Project("{9A19103F-16F7-4668-BE54-9A1E7A4F7556}") = "4oito6.Demonstration.Person.Test", "Person\4oito6.Demonstration.Person.Test\4oito6.Demonstration.Person.Test.csproj", "{986EF544-10A9-445F-9CD8-526FDF52348D}"
EndProject
Project("{9A19103F-16F7-4668-BE54-9A1E7A4F7556}") = "4oito6.Demonstration.SQS", "Core\4oito6.Demonstration.SQS\4oito6.Demonstration.SQS.csproj", "{EF14DA4D-1B75-44B4-B64D-015C504C076B}"
EndProject
Project("{2150E333-8FDC-42A3-9474-1A3956D46DE8}") = "Contact", "Contact", "{070AEAF0-997B-468E-9D4F-37706FC88BBD}"
EndProject
Project("{9A19103F-16F7-4668-BE54-9A1E7A4F7556}") = "4oito6.Demonstration.Contact.Application", "Contact\4oito6.Demonstration.Contact.Application\4oito6.Demonstration.Contact.Application.csproj", "{096A9D77-C9C4-4E3F-9998-3A3B80522190}"
EndProject
Project("{9A19103F-16F7-4668-BE54-9A1E7A4F7556}") = "4oito6.Demonstration.Contact.Data", "Contact\4oito6.Demonstration.Contact.Data\4oito6.Demonstration.Contact.Data.csproj", "{7AF8180C-D5BB-4E27-BD08-A4089EDC1E5B}"
EndProject
Project("{9A19103F-16F7-4668-BE54-9A1E7A4F7556}") = "4oito6.Demonstration.Contact.Domain.Data", "Contact\4oito6.Demonstration.Contact.Domain.Data\4oito6.Demonstration.Contact.Domain.Data.csproj", "{C72E9D39-0A0A-4B16-83C5-BB7DC16B2BA5}"
EndProject
Project("{9A19103F-16F7-4668-BE54-9A1E7A4F7556}") = "4oito6.Demonstration.Contact.Domain.Services", "Contact\4oito6.Demonstration.Contact.Domain.Services\4oito6.Demonstration.Contact.Domain.Services.csproj", "{94A159B7-4C38-4392-8E11-BBFFF1880208}"
EndProject
Project("{9A19103F-16F7-4668-BE54-9A1E7A4F7556}") = "4oito6.Demonstration.Contact.EntryPoint", "Contact\4oito6.Demonstration.Contact.EntryPoint\4oito6.Demonstration.Contact.EntryPoint.csproj", "{79012347-D39D-44BF-9839-6B7EA411FC97}"
EndProject
Project("{9A19103F-16F7-4668-BE54-9A1E7A4F7556}") = "4oito6.Demonstration.Contact.Test", "Contact\4oito6.Demonstration.Contact.Test\4oito6.Demonstration.Contact.Test.csproj", "{92D357AF-32F1-4003-AE36-849E044FCE36}"
EndProject
Project("{2150E333-8FDC-42A3-9474-1A3956D46DE8}") = "Application", "Application", "{A50CD3BE-5B4C-4FBB-95F2-F322FEFBF6BA}"
EndProject
Project("{2150E333-8FDC-42A3-9474-1A3956D46DE8}") = "Data", "Data", "{1FC031EE-199F-4667-AC69-5F853F797324}"
EndProject
Project("{2150E333-8FDC-42A3-9474-1A3956D46DE8}") = "Domain", "Domain", "{AAA41933-A046-4523-9449-F53864502DA1}"
EndProject
Project("{2150E333-8FDC-42A3-9474-1A3956D46DE8}") = "Test", "Test", "{7D383548-AACF-4214-92D3-34C077DF989F}"
EndProject
Project("{2150E333-8FDC-42A3-9474-1A3956D46DE8}") = "EntryPoint", "EntryPoint", "{DAEE6B7E-DEDD-4F81-A934-17D05B36115B}"
EndProject
Project("{9A19103F-16F7-4668-BE54-9A1E7A4F7556}") = "4oito6.Demonstration.Data.Connection.MySql", "Core\4oito6.Demonstration.Data.Connection.MySql\4oito6.Demonstration.Data.Connection.MySql.csproj", "{DD6B129C-E2FF-4813-B046-AE30C3793F1D}"
EndProject
Project("{9A19103F-16F7-4668-BE54-9A1E7A4F7556}") = "4oito6.Demonstration.Data.Connection.MsSql", "Core\4oito6.Demonstration.Data.Connection.MsSql\4oito6.Demonstration.Data.Connection.MsSql.csproj", "{456679A7-1C7C-494D-8B49-C24154798380}"
EndProject
Project("{2150E333-8FDC-42A3-9474-1A3956D46DE8}") = "Connection", "Connection", "{74998319-A7FA-4949-BEFC-7A97BA8E97C4}"
EndProject
Project("{9A19103F-16F7-4668-BE54-9A1E7A4F7556}") = "4oito6.Demonstration.Data.Connection.NpgSql", "Core\4oito6.Demonstration.Data.Connection.NpgSql\4oito6.Demonstration.Data.Connection.NpgSql.csproj", "{F7F7BA6F-41A6-4E6B-A63F-06C2CC8934C6}"
EndProject
Global
	GlobalSection(SolutionConfigurationPlatforms) = preSolution
		Debug|Any CPU = Debug|Any CPU
		Release|Any CPU = Release|Any CPU
	EndGlobalSection
	GlobalSection(ProjectConfigurationPlatforms) = postSolution
		{A02F6452-51C0-4859-A528-16DE0B39F36C}.Debug|Any CPU.ActiveCfg = Debug|Any CPU
		{A02F6452-51C0-4859-A528-16DE0B39F36C}.Debug|Any CPU.Build.0 = Debug|Any CPU
		{A02F6452-51C0-4859-A528-16DE0B39F36C}.Release|Any CPU.ActiveCfg = Release|Any CPU
		{A02F6452-51C0-4859-A528-16DE0B39F36C}.Release|Any CPU.Build.0 = Release|Any CPU
		{FE6C4890-CD29-4E5E-A0DC-EF8233D5DC6F}.Debug|Any CPU.ActiveCfg = Debug|Any CPU
		{FE6C4890-CD29-4E5E-A0DC-EF8233D5DC6F}.Debug|Any CPU.Build.0 = Debug|Any CPU
		{FE6C4890-CD29-4E5E-A0DC-EF8233D5DC6F}.Release|Any CPU.ActiveCfg = Release|Any CPU
		{FE6C4890-CD29-4E5E-A0DC-EF8233D5DC6F}.Release|Any CPU.Build.0 = Release|Any CPU
		{3A6C5B6E-3FB4-486E-B852-8C47312E73EB}.Debug|Any CPU.ActiveCfg = Debug|Any CPU
		{3A6C5B6E-3FB4-486E-B852-8C47312E73EB}.Debug|Any CPU.Build.0 = Debug|Any CPU
		{3A6C5B6E-3FB4-486E-B852-8C47312E73EB}.Release|Any CPU.ActiveCfg = Release|Any CPU
		{3A6C5B6E-3FB4-486E-B852-8C47312E73EB}.Release|Any CPU.Build.0 = Release|Any CPU
		{B8E8F941-A921-4192-9FE7-8B817354FB29}.Debug|Any CPU.ActiveCfg = Debug|Any CPU
		{B8E8F941-A921-4192-9FE7-8B817354FB29}.Debug|Any CPU.Build.0 = Debug|Any CPU
		{B8E8F941-A921-4192-9FE7-8B817354FB29}.Release|Any CPU.ActiveCfg = Release|Any CPU
		{B8E8F941-A921-4192-9FE7-8B817354FB29}.Release|Any CPU.Build.0 = Release|Any CPU
		{4449E99A-7727-44EC-AFD2-83A27E594A80}.Debug|Any CPU.ActiveCfg = Debug|Any CPU
		{4449E99A-7727-44EC-AFD2-83A27E594A80}.Debug|Any CPU.Build.0 = Debug|Any CPU
		{4449E99A-7727-44EC-AFD2-83A27E594A80}.Release|Any CPU.ActiveCfg = Release|Any CPU
		{4449E99A-7727-44EC-AFD2-83A27E594A80}.Release|Any CPU.Build.0 = Release|Any CPU
		{9B9642BC-B8B9-4063-98F1-A1C63D44957C}.Debug|Any CPU.ActiveCfg = Debug|Any CPU
		{9B9642BC-B8B9-4063-98F1-A1C63D44957C}.Debug|Any CPU.Build.0 = Debug|Any CPU
		{9B9642BC-B8B9-4063-98F1-A1C63D44957C}.Release|Any CPU.ActiveCfg = Release|Any CPU
		{9B9642BC-B8B9-4063-98F1-A1C63D44957C}.Release|Any CPU.Build.0 = Release|Any CPU
		{1B14F542-1BA5-476D-9DCE-680FE0FA6210}.Debug|Any CPU.ActiveCfg = Debug|Any CPU
		{1B14F542-1BA5-476D-9DCE-680FE0FA6210}.Debug|Any CPU.Build.0 = Debug|Any CPU
		{1B14F542-1BA5-476D-9DCE-680FE0FA6210}.Release|Any CPU.ActiveCfg = Release|Any CPU
		{1B14F542-1BA5-476D-9DCE-680FE0FA6210}.Release|Any CPU.Build.0 = Release|Any CPU
		{B3674DBC-70FA-4382-B3F3-EC0927C5EB37}.Debug|Any CPU.ActiveCfg = Debug|Any CPU
		{B3674DBC-70FA-4382-B3F3-EC0927C5EB37}.Debug|Any CPU.Build.0 = Debug|Any CPU
		{B3674DBC-70FA-4382-B3F3-EC0927C5EB37}.Release|Any CPU.ActiveCfg = Release|Any CPU
		{B3674DBC-70FA-4382-B3F3-EC0927C5EB37}.Release|Any CPU.Build.0 = Release|Any CPU
		{A2151A79-ECCC-40E5-94AE-A348BE11C229}.Debug|Any CPU.ActiveCfg = Debug|Any CPU
		{A2151A79-ECCC-40E5-94AE-A348BE11C229}.Debug|Any CPU.Build.0 = Debug|Any CPU
		{A2151A79-ECCC-40E5-94AE-A348BE11C229}.Release|Any CPU.ActiveCfg = Release|Any CPU
		{A2151A79-ECCC-40E5-94AE-A348BE11C229}.Release|Any CPU.Build.0 = Release|Any CPU
		{D76C1EDB-9E57-4342-9074-DAE791DB921A}.Debug|Any CPU.ActiveCfg = Debug|Any CPU
		{D76C1EDB-9E57-4342-9074-DAE791DB921A}.Debug|Any CPU.Build.0 = Debug|Any CPU
		{D76C1EDB-9E57-4342-9074-DAE791DB921A}.Release|Any CPU.ActiveCfg = Release|Any CPU
		{D76C1EDB-9E57-4342-9074-DAE791DB921A}.Release|Any CPU.Build.0 = Release|Any CPU
		{0602E58B-7935-419D-83FD-79E2CDF3AE78}.Debug|Any CPU.ActiveCfg = Debug|Any CPU
		{0602E58B-7935-419D-83FD-79E2CDF3AE78}.Debug|Any CPU.Build.0 = Debug|Any CPU
		{0602E58B-7935-419D-83FD-79E2CDF3AE78}.Release|Any CPU.ActiveCfg = Release|Any CPU
		{0602E58B-7935-419D-83FD-79E2CDF3AE78}.Release|Any CPU.Build.0 = Release|Any CPU
		{00963BB8-1365-4A25-B4EE-8940D7FD69A3}.Debug|Any CPU.ActiveCfg = Debug|Any CPU
		{00963BB8-1365-4A25-B4EE-8940D7FD69A3}.Debug|Any CPU.Build.0 = Debug|Any CPU
		{00963BB8-1365-4A25-B4EE-8940D7FD69A3}.Release|Any CPU.ActiveCfg = Release|Any CPU
		{00963BB8-1365-4A25-B4EE-8940D7FD69A3}.Release|Any CPU.Build.0 = Release|Any CPU
		{E09B4D85-347A-49BB-B076-025AAFCB071E}.Debug|Any CPU.ActiveCfg = Debug|Any CPU
		{E09B4D85-347A-49BB-B076-025AAFCB071E}.Debug|Any CPU.Build.0 = Debug|Any CPU
		{E09B4D85-347A-49BB-B076-025AAFCB071E}.Release|Any CPU.ActiveCfg = Release|Any CPU
		{E09B4D85-347A-49BB-B076-025AAFCB071E}.Release|Any CPU.Build.0 = Release|Any CPU
		{EEE840E9-6F86-41C3-9458-13C087D096EF}.Debug|Any CPU.ActiveCfg = Debug|Any CPU
		{EEE840E9-6F86-41C3-9458-13C087D096EF}.Debug|Any CPU.Build.0 = Debug|Any CPU
		{EEE840E9-6F86-41C3-9458-13C087D096EF}.Release|Any CPU.ActiveCfg = Release|Any CPU
		{EEE840E9-6F86-41C3-9458-13C087D096EF}.Release|Any CPU.Build.0 = Release|Any CPU
		{3660D13A-53DF-4CD2-8F5B-2A63B8F94128}.Debug|Any CPU.ActiveCfg = Debug|Any CPU
		{3660D13A-53DF-4CD2-8F5B-2A63B8F94128}.Debug|Any CPU.Build.0 = Debug|Any CPU
		{3660D13A-53DF-4CD2-8F5B-2A63B8F94128}.Release|Any CPU.ActiveCfg = Release|Any CPU
		{3660D13A-53DF-4CD2-8F5B-2A63B8F94128}.Release|Any CPU.Build.0 = Release|Any CPU
		{986EF544-10A9-445F-9CD8-526FDF52348D}.Debug|Any CPU.ActiveCfg = Debug|Any CPU
		{986EF544-10A9-445F-9CD8-526FDF52348D}.Debug|Any CPU.Build.0 = Debug|Any CPU
		{986EF544-10A9-445F-9CD8-526FDF52348D}.Release|Any CPU.ActiveCfg = Release|Any CPU
		{986EF544-10A9-445F-9CD8-526FDF52348D}.Release|Any CPU.Build.0 = Release|Any CPU
		{EF14DA4D-1B75-44B4-B64D-015C504C076B}.Debug|Any CPU.ActiveCfg = Debug|Any CPU
		{EF14DA4D-1B75-44B4-B64D-015C504C076B}.Debug|Any CPU.Build.0 = Debug|Any CPU
		{EF14DA4D-1B75-44B4-B64D-015C504C076B}.Release|Any CPU.ActiveCfg = Release|Any CPU
		{EF14DA4D-1B75-44B4-B64D-015C504C076B}.Release|Any CPU.Build.0 = Release|Any CPU
		{096A9D77-C9C4-4E3F-9998-3A3B80522190}.Debug|Any CPU.ActiveCfg = Debug|Any CPU
		{096A9D77-C9C4-4E3F-9998-3A3B80522190}.Debug|Any CPU.Build.0 = Debug|Any CPU
		{096A9D77-C9C4-4E3F-9998-3A3B80522190}.Release|Any CPU.ActiveCfg = Release|Any CPU
		{096A9D77-C9C4-4E3F-9998-3A3B80522190}.Release|Any CPU.Build.0 = Release|Any CPU
		{7AF8180C-D5BB-4E27-BD08-A4089EDC1E5B}.Debug|Any CPU.ActiveCfg = Debug|Any CPU
		{7AF8180C-D5BB-4E27-BD08-A4089EDC1E5B}.Debug|Any CPU.Build.0 = Debug|Any CPU
		{7AF8180C-D5BB-4E27-BD08-A4089EDC1E5B}.Release|Any CPU.ActiveCfg = Release|Any CPU
		{7AF8180C-D5BB-4E27-BD08-A4089EDC1E5B}.Release|Any CPU.Build.0 = Release|Any CPU
		{C72E9D39-0A0A-4B16-83C5-BB7DC16B2BA5}.Debug|Any CPU.ActiveCfg = Debug|Any CPU
		{C72E9D39-0A0A-4B16-83C5-BB7DC16B2BA5}.Debug|Any CPU.Build.0 = Debug|Any CPU
		{C72E9D39-0A0A-4B16-83C5-BB7DC16B2BA5}.Release|Any CPU.ActiveCfg = Release|Any CPU
		{C72E9D39-0A0A-4B16-83C5-BB7DC16B2BA5}.Release|Any CPU.Build.0 = Release|Any CPU
		{94A159B7-4C38-4392-8E11-BBFFF1880208}.Debug|Any CPU.ActiveCfg = Debug|Any CPU
		{94A159B7-4C38-4392-8E11-BBFFF1880208}.Debug|Any CPU.Build.0 = Debug|Any CPU
		{94A159B7-4C38-4392-8E11-BBFFF1880208}.Release|Any CPU.ActiveCfg = Release|Any CPU
		{94A159B7-4C38-4392-8E11-BBFFF1880208}.Release|Any CPU.Build.0 = Release|Any CPU
		{79012347-D39D-44BF-9839-6B7EA411FC97}.Debug|Any CPU.ActiveCfg = Debug|Any CPU
		{79012347-D39D-44BF-9839-6B7EA411FC97}.Debug|Any CPU.Build.0 = Debug|Any CPU
		{79012347-D39D-44BF-9839-6B7EA411FC97}.Release|Any CPU.ActiveCfg = Release|Any CPU
		{79012347-D39D-44BF-9839-6B7EA411FC97}.Release|Any CPU.Build.0 = Release|Any CPU
		{92D357AF-32F1-4003-AE36-849E044FCE36}.Debug|Any CPU.ActiveCfg = Debug|Any CPU
		{92D357AF-32F1-4003-AE36-849E044FCE36}.Debug|Any CPU.Build.0 = Debug|Any CPU
		{92D357AF-32F1-4003-AE36-849E044FCE36}.Release|Any CPU.ActiveCfg = Release|Any CPU
		{92D357AF-32F1-4003-AE36-849E044FCE36}.Release|Any CPU.Build.0 = Release|Any CPU
		{DD6B129C-E2FF-4813-B046-AE30C3793F1D}.Debug|Any CPU.ActiveCfg = Debug|Any CPU
		{DD6B129C-E2FF-4813-B046-AE30C3793F1D}.Debug|Any CPU.Build.0 = Debug|Any CPU
		{DD6B129C-E2FF-4813-B046-AE30C3793F1D}.Release|Any CPU.ActiveCfg = Release|Any CPU
		{DD6B129C-E2FF-4813-B046-AE30C3793F1D}.Release|Any CPU.Build.0 = Release|Any CPU
		{456679A7-1C7C-494D-8B49-C24154798380}.Debug|Any CPU.ActiveCfg = Debug|Any CPU
		{456679A7-1C7C-494D-8B49-C24154798380}.Debug|Any CPU.Build.0 = Debug|Any CPU
		{456679A7-1C7C-494D-8B49-C24154798380}.Release|Any CPU.ActiveCfg = Release|Any CPU
		{456679A7-1C7C-494D-8B49-C24154798380}.Release|Any CPU.Build.0 = Release|Any CPU
		{F7F7BA6F-41A6-4E6B-A63F-06C2CC8934C6}.Debug|Any CPU.ActiveCfg = Debug|Any CPU
		{F7F7BA6F-41A6-4E6B-A63F-06C2CC8934C6}.Debug|Any CPU.Build.0 = Debug|Any CPU
		{F7F7BA6F-41A6-4E6B-A63F-06C2CC8934C6}.Release|Any CPU.ActiveCfg = Release|Any CPU
		{F7F7BA6F-41A6-4E6B-A63F-06C2CC8934C6}.Release|Any CPU.Build.0 = Release|Any CPU
	EndGlobalSection
	GlobalSection(SolutionProperties) = preSolution
		HideSolutionNode = FALSE
	EndGlobalSection
	GlobalSection(NestedProjects) = preSolution
		{35DBF8F8-89E6-4933-8D12-53839B0099AD} = {312C1D97-69B0-4D6B-89A4-0A2205E98506}
		{FD1D6428-700A-4EC4-8719-43316A02E2E8} = {312C1D97-69B0-4D6B-89A4-0A2205E98506}
		{897E3069-D187-4823-B0CB-B0D91F2A8F2C} = {312C1D97-69B0-4D6B-89A4-0A2205E98506}
		{17FA4084-4E12-41C8-9404-C73CAC88939F} = {F127B804-43DA-4065-99C7-18AA7CF72818}
		{5CAD5E38-39CD-4E2E-A939-6AF0D3E8A3D8} = {F127B804-43DA-4065-99C7-18AA7CF72818}
		{5D2F8A72-9229-4401-8D54-5F80F2127C6F} = {312C1D97-69B0-4D6B-89A4-0A2205E98506}
		{759A7F80-A18D-48C4-83AD-88AE07C8A917} = {F127B804-43DA-4065-99C7-18AA7CF72818}
		{3D89DD61-1963-4B3A-B874-2849EF59189C} = {F127B804-43DA-4065-99C7-18AA7CF72818}
		{F71C34CE-E780-422A-89C3-299E68C3F8DA} = {F127B804-43DA-4065-99C7-18AA7CF72818}
		{A02F6452-51C0-4859-A528-16DE0B39F36C} = {57AF1E70-0171-4E34-85D3-3C87F657D684}
		{FE6C4890-CD29-4E5E-A0DC-EF8233D5DC6F} = {57AF1E70-0171-4E34-85D3-3C87F657D684}
		{3A6C5B6E-3FB4-486E-B852-8C47312E73EB} = {57AF1E70-0171-4E34-85D3-3C87F657D684}
		{B8E8F941-A921-4192-9FE7-8B817354FB29} = {57AF1E70-0171-4E34-85D3-3C87F657D684}
		{4449E99A-7727-44EC-AFD2-83A27E594A80} = {5D2F8A72-9229-4401-8D54-5F80F2127C6F}
		{9B9642BC-B8B9-4063-98F1-A1C63D44957C} = {897E3069-D187-4823-B0CB-B0D91F2A8F2C}
		{1B14F542-1BA5-476D-9DCE-680FE0FA6210} = {897E3069-D187-4823-B0CB-B0D91F2A8F2C}
		{B3674DBC-70FA-4382-B3F3-EC0927C5EB37} = {FD1D6428-700A-4EC4-8719-43316A02E2E8}
		{A2151A79-ECCC-40E5-94AE-A348BE11C229} = {35DBF8F8-89E6-4933-8D12-53839B0099AD}
		{D76C1EDB-9E57-4342-9074-DAE791DB921A} = {35DBF8F8-89E6-4933-8D12-53839B0099AD}
		{0602E58B-7935-419D-83FD-79E2CDF3AE78} = {759A7F80-A18D-48C4-83AD-88AE07C8A917}
		{00963BB8-1365-4A25-B4EE-8940D7FD69A3} = {5CAD5E38-39CD-4E2E-A939-6AF0D3E8A3D8}
		{E09B4D85-347A-49BB-B076-025AAFCB071E} = {17FA4084-4E12-41C8-9404-C73CAC88939F}
		{EEE840E9-6F86-41C3-9458-13C087D096EF} = {17FA4084-4E12-41C8-9404-C73CAC88939F}
		{3660D13A-53DF-4CD2-8F5B-2A63B8F94128} = {3D89DD61-1963-4B3A-B874-2849EF59189C}
		{986EF544-10A9-445F-9CD8-526FDF52348D} = {F71C34CE-E780-422A-89C3-299E68C3F8DA}
		{EF14DA4D-1B75-44B4-B64D-015C504C076B} = {897E3069-D187-4823-B0CB-B0D91F2A8F2C}
		{096A9D77-C9C4-4E3F-9998-3A3B80522190} = {A50CD3BE-5B4C-4FBB-95F2-F322FEFBF6BA}
		{7AF8180C-D5BB-4E27-BD08-A4089EDC1E5B} = {1FC031EE-199F-4667-AC69-5F853F797324}
		{C72E9D39-0A0A-4B16-83C5-BB7DC16B2BA5} = {AAA41933-A046-4523-9449-F53864502DA1}
		{94A159B7-4C38-4392-8E11-BBFFF1880208} = {AAA41933-A046-4523-9449-F53864502DA1}
		{79012347-D39D-44BF-9839-6B7EA411FC97} = {DAEE6B7E-DEDD-4F81-A934-17D05B36115B}
		{92D357AF-32F1-4003-AE36-849E044FCE36} = {7D383548-AACF-4214-92D3-34C077DF989F}
		{A50CD3BE-5B4C-4FBB-95F2-F322FEFBF6BA} = {070AEAF0-997B-468E-9D4F-37706FC88BBD}
		{1FC031EE-199F-4667-AC69-5F853F797324} = {070AEAF0-997B-468E-9D4F-37706FC88BBD}
		{AAA41933-A046-4523-9449-F53864502DA1} = {070AEAF0-997B-468E-9D4F-37706FC88BBD}
		{7D383548-AACF-4214-92D3-34C077DF989F} = {070AEAF0-997B-468E-9D4F-37706FC88BBD}
		{DAEE6B7E-DEDD-4F81-A934-17D05B36115B} = {070AEAF0-997B-468E-9D4F-37706FC88BBD}
		{DD6B129C-E2FF-4813-B046-AE30C3793F1D} = {74998319-A7FA-4949-BEFC-7A97BA8E97C4}
		{456679A7-1C7C-494D-8B49-C24154798380} = {74998319-A7FA-4949-BEFC-7A97BA8E97C4}
		{74998319-A7FA-4949-BEFC-7A97BA8E97C4} = {FD1D6428-700A-4EC4-8719-43316A02E2E8}
		{F7F7BA6F-41A6-4E6B-A63F-06C2CC8934C6} = {74998319-A7FA-4949-BEFC-7A97BA8E97C4}
	EndGlobalSection
	GlobalSection(ExtensibilityGlobals) = postSolution
		SolutionGuid = {28FE7937-CEEE-4156-A27B-54CCED363426}
	EndGlobalSection
EndGlobal
