
Microsoft Visual Studio Solution File, Format Version 12.00
# Visual Studio Version 17
VisualStudioVersion = 17.0.31912.275
MinimumVisualStudioVersion = 10.0.40219.1
Project("{9A19103F-16F7-4668-BE54-9A1E7A4F7556}") = "4oito6.Demonstration.Domain.Model", "4oito6.Demonstration.Domain.Model\4oito6.Demonstration.Domain.Model.csproj", "{73D8A9A1-D157-4D22-9132-E0689F031FBA}"
EndProject
Project("{9A19103F-16F7-4668-BE54-9A1E7A4F7556}") = "4oito6.Demonstration.Data", "4oito6.Demonstration.Data\4oito6.Demonstration.Data.csproj", "{D8CC81E1-C39F-408E-A3F4-F6754D67A1D7}"
EndProject
Project("{2150E333-8FDC-42A3-9474-1A3956D46DE8}") = "Domain", "Domain", "{35DBF8F8-89E6-4933-8D12-53839B0099AD}"
EndProject
Project("{2150E333-8FDC-42A3-9474-1A3956D46DE8}") = "Data", "Data", "{FD1D6428-700A-4EC4-8719-43316A02E2E8}"
EndProject
Project("{2150E333-8FDC-42A3-9474-1A3956D46DE8}") = "CrossCutting", "CrossCutting", "{897E3069-D187-4823-B0CB-B0D91F2A8F2C}"
EndProject
Project("{9A19103F-16F7-4668-BE54-9A1E7A4F7556}") = "4oito6.Demonstration.Commons", "4oito6.Demonstration.Commons\4oito6.Demonstration.Commons.csproj", "{BCB3A850-5429-4A3F-9B28-88CA5AEB8BC9}"
EndProject
Project("{2150E333-8FDC-42A3-9474-1A3956D46DE8}") = "Core", "Core", "{312C1D97-69B0-4D6B-89A4-0A2205E98506}"
EndProject
Project("{9A19103F-16F7-4668-BE54-9A1E7A4F7556}") = "4oito6.Demonstration.Domain.Data", "4oito6.Demonstration.Domain.Data\4oito6.Demonstration.Domain.Data.csproj", "{86041E64-353E-4870-A436-0CF1940643F1}"
EndProject
Project("{2150E333-8FDC-42A3-9474-1A3956D46DE8}") = "Person", "Person", "{F127B804-43DA-4065-99C7-18AA7CF72818}"
EndProject
Project("{2150E333-8FDC-42A3-9474-1A3956D46DE8}") = "Domain", "Domain", "{17FA4084-4E12-41C8-9404-C73CAC88939F}"
EndProject
Project("{9A19103F-16F7-4668-BE54-9A1E7A4F7556}") = "4oito6.Demonstration.Person.Domain.Data", "4oito6.Demonstration.Person.Domain.Data\4oito6.Demonstration.Person.Domain.Data.csproj", "{E8594476-1574-4BE5-9B17-C42C48EF6F97}"
EndProject
Project("{2150E333-8FDC-42A3-9474-1A3956D46DE8}") = "Data", "Data", "{5CAD5E38-39CD-4E2E-A939-6AF0D3E8A3D8}"
EndProject
Project("{9A19103F-16F7-4668-BE54-9A1E7A4F7556}") = "4oito6.Demonstration.Person.Data", "4oito6.Demonstration.Person.Data\4oito6.Demonstration.Person.Data.csproj", "{60D07A15-1B45-42DC-9BFC-78BD95424E43}"
EndProject
Project("{2150E333-8FDC-42A3-9474-1A3956D46DE8}") = "Solution Items", "Solution Items", "{3532BD6A-AE76-4409-A57E-778480DD2FDD}"
	ProjectSection(SolutionItems) = preProject
		.editorconfig = .editorconfig
	EndProjectSection
EndProject
Project("{9A19103F-16F7-4668-BE54-9A1E7A4F7556}") = "4oito6.Demonstration.Person.Domain.Services", "4oito6.Demonstration.Person.Domain.Services\4oito6.Demonstration.Person.Domain.Services.csproj", "{FFEA7FDB-5C7D-4553-9754-3D5931D8C4DA}"
EndProject
Project("{2150E333-8FDC-42A3-9474-1A3956D46DE8}") = "Application", "Application", "{5D2F8A72-9229-4401-8D54-5F80F2127C6F}"
EndProject
Project("{9A19103F-16F7-4668-BE54-9A1E7A4F7556}") = "4oito6.Demonstration.Application", "4oito6.Demonstration.Application\4oito6.Demonstration.Application.csproj", "{8C87C2D2-713C-4D47-A055-341DD52C480E}"
EndProject
Project("{9A19103F-16F7-4668-BE54-9A1E7A4F7556}") = "_4oito6.Demonstration.Person.Application", "_4oito6.Demonstration.Person.Application\_4oito6.Demonstration.Person.Application.csproj", "{A2E8B6DE-BEA6-411F-89C1-EA44EC8D6CD9}"
EndProject
Project("{2150E333-8FDC-42A3-9474-1A3956D46DE8}") = "Application", "Application", "{759A7F80-A18D-48C4-83AD-88AE07C8A917}"
EndProject
Project("{2150E333-8FDC-42A3-9474-1A3956D46DE8}") = "EntryPoint", "EntryPoint", "{3D89DD61-1963-4B3A-B874-2849EF59189C}"
EndProject
Project("{9A19103F-16F7-4668-BE54-9A1E7A4F7556}") = "4oito6.Demonstration.Person.EntryPoint", "4oito6.Demonstration.Person.EntryPoint\4oito6.Demonstration.Person.EntryPoint.csproj", "{478B2FF1-70C4-4375-8E1B-E35BACFA0499}"
EndProject
Project("{9A19103F-16F7-4668-BE54-9A1E7A4F7556}") = "4oito6.Demonstration.Config", "4oito6.Demonstration.Config\4oito6.Demonstration.Config.csproj", "{6211C9D6-BB11-4FB5-9397-AF951F49D73E}"
EndProject
Project("{2150E333-8FDC-42A3-9474-1A3956D46DE8}") = "Test", "Test", "{F71C34CE-E780-422A-89C3-299E68C3F8DA}"
EndProject
Project("{9A19103F-16F7-4668-BE54-9A1E7A4F7556}") = "4oito6.Demonstration.Person.Test", "4oito6.Demonstration.Person.Test\4oito6.Demonstration.Person.Test.csproj", "{B1BB025C-86C0-4BD1-87BE-63C0A2FEC25D}"
EndProject
Project("{9A19103F-16F7-4668-BE54-9A1E7A4F7556}") = "4oito6.Demonstration.CrossCutting.AuditTrail", "4oito6.Demonstration.CrossCutting.AuditTrail\4oito6.Demonstration.CrossCutting.AuditTrail.csproj", "{DD243F4E-7D22-4B61-BEDF-79DDF191FC2C}"
EndProject
Project("{2150E333-8FDC-42A3-9474-1A3956D46DE8}") = "AuditTrail", "AuditTrail", "{57AF1E70-0171-4E34-85D3-3C87F657D684}"
EndProject
Project("{9A19103F-16F7-4668-BE54-9A1E7A4F7556}") = "4oito6.Demonstration.AuditTrail.EntryPoint", "4oito6.Demonstration.AuditTrail.EntryPoint\4oito6.Demonstration.AuditTrail.EntryPoint.csproj", "{4313E4F6-B368-49D7-BF0F-3DBC34ABCB45}"
EndProject
Project("{9A19103F-16F7-4668-BE54-9A1E7A4F7556}") = "4oito6.Demonstration.AuditTrail.Test", "4oito6.Demonstration.AuditTrail.Test\4oito6.Demonstration.AuditTrail.Test.csproj", "{4BA08A49-4E6C-49F1-BB9B-04193C2A6B65}"
EndProject
Project("{FAE04EC0-301F-11D3-BF4B-00C04F79EFBC}") = "4oito6.Demonstration.AuditTrail.Sender", "4oito6.Demonstration.AuditTrail.Sender\4oito6.Demonstration.AuditTrail.Sender.csproj", "{1D283EB0-F534-478A-8E5C-80125910280E}"
EndProject
Global
	GlobalSection(SolutionConfigurationPlatforms) = preSolution
		Debug|Any CPU = Debug|Any CPU
		Release|Any CPU = Release|Any CPU
	EndGlobalSection
	GlobalSection(ProjectConfigurationPlatforms) = postSolution
		{73D8A9A1-D157-4D22-9132-E0689F031FBA}.Debug|Any CPU.ActiveCfg = Debug|Any CPU
		{73D8A9A1-D157-4D22-9132-E0689F031FBA}.Debug|Any CPU.Build.0 = Debug|Any CPU
		{73D8A9A1-D157-4D22-9132-E0689F031FBA}.Release|Any CPU.ActiveCfg = Release|Any CPU
		{73D8A9A1-D157-4D22-9132-E0689F031FBA}.Release|Any CPU.Build.0 = Release|Any CPU
		{D8CC81E1-C39F-408E-A3F4-F6754D67A1D7}.Debug|Any CPU.ActiveCfg = Debug|Any CPU
		{D8CC81E1-C39F-408E-A3F4-F6754D67A1D7}.Debug|Any CPU.Build.0 = Debug|Any CPU
		{D8CC81E1-C39F-408E-A3F4-F6754D67A1D7}.Release|Any CPU.ActiveCfg = Release|Any CPU
		{D8CC81E1-C39F-408E-A3F4-F6754D67A1D7}.Release|Any CPU.Build.0 = Release|Any CPU
		{BCB3A850-5429-4A3F-9B28-88CA5AEB8BC9}.Debug|Any CPU.ActiveCfg = Debug|Any CPU
		{BCB3A850-5429-4A3F-9B28-88CA5AEB8BC9}.Debug|Any CPU.Build.0 = Debug|Any CPU
		{BCB3A850-5429-4A3F-9B28-88CA5AEB8BC9}.Release|Any CPU.ActiveCfg = Release|Any CPU
		{BCB3A850-5429-4A3F-9B28-88CA5AEB8BC9}.Release|Any CPU.Build.0 = Release|Any CPU
		{86041E64-353E-4870-A436-0CF1940643F1}.Debug|Any CPU.ActiveCfg = Debug|Any CPU
		{86041E64-353E-4870-A436-0CF1940643F1}.Debug|Any CPU.Build.0 = Debug|Any CPU
		{86041E64-353E-4870-A436-0CF1940643F1}.Release|Any CPU.ActiveCfg = Release|Any CPU
		{86041E64-353E-4870-A436-0CF1940643F1}.Release|Any CPU.Build.0 = Release|Any CPU
		{E8594476-1574-4BE5-9B17-C42C48EF6F97}.Debug|Any CPU.ActiveCfg = Debug|Any CPU
		{E8594476-1574-4BE5-9B17-C42C48EF6F97}.Debug|Any CPU.Build.0 = Debug|Any CPU
		{E8594476-1574-4BE5-9B17-C42C48EF6F97}.Release|Any CPU.ActiveCfg = Release|Any CPU
		{E8594476-1574-4BE5-9B17-C42C48EF6F97}.Release|Any CPU.Build.0 = Release|Any CPU
		{60D07A15-1B45-42DC-9BFC-78BD95424E43}.Debug|Any CPU.ActiveCfg = Debug|Any CPU
		{60D07A15-1B45-42DC-9BFC-78BD95424E43}.Debug|Any CPU.Build.0 = Debug|Any CPU
		{60D07A15-1B45-42DC-9BFC-78BD95424E43}.Release|Any CPU.ActiveCfg = Release|Any CPU
		{60D07A15-1B45-42DC-9BFC-78BD95424E43}.Release|Any CPU.Build.0 = Release|Any CPU
		{FFEA7FDB-5C7D-4553-9754-3D5931D8C4DA}.Debug|Any CPU.ActiveCfg = Debug|Any CPU
		{FFEA7FDB-5C7D-4553-9754-3D5931D8C4DA}.Debug|Any CPU.Build.0 = Debug|Any CPU
		{FFEA7FDB-5C7D-4553-9754-3D5931D8C4DA}.Release|Any CPU.ActiveCfg = Release|Any CPU
		{FFEA7FDB-5C7D-4553-9754-3D5931D8C4DA}.Release|Any CPU.Build.0 = Release|Any CPU
		{8C87C2D2-713C-4D47-A055-341DD52C480E}.Debug|Any CPU.ActiveCfg = Debug|Any CPU
		{8C87C2D2-713C-4D47-A055-341DD52C480E}.Debug|Any CPU.Build.0 = Debug|Any CPU
		{8C87C2D2-713C-4D47-A055-341DD52C480E}.Release|Any CPU.ActiveCfg = Release|Any CPU
		{8C87C2D2-713C-4D47-A055-341DD52C480E}.Release|Any CPU.Build.0 = Release|Any CPU
		{A2E8B6DE-BEA6-411F-89C1-EA44EC8D6CD9}.Debug|Any CPU.ActiveCfg = Debug|Any CPU
		{A2E8B6DE-BEA6-411F-89C1-EA44EC8D6CD9}.Debug|Any CPU.Build.0 = Debug|Any CPU
		{A2E8B6DE-BEA6-411F-89C1-EA44EC8D6CD9}.Release|Any CPU.ActiveCfg = Release|Any CPU
		{A2E8B6DE-BEA6-411F-89C1-EA44EC8D6CD9}.Release|Any CPU.Build.0 = Release|Any CPU
		{478B2FF1-70C4-4375-8E1B-E35BACFA0499}.Debug|Any CPU.ActiveCfg = Debug|Any CPU
		{478B2FF1-70C4-4375-8E1B-E35BACFA0499}.Debug|Any CPU.Build.0 = Debug|Any CPU
		{478B2FF1-70C4-4375-8E1B-E35BACFA0499}.Release|Any CPU.ActiveCfg = Release|Any CPU
		{478B2FF1-70C4-4375-8E1B-E35BACFA0499}.Release|Any CPU.Build.0 = Release|Any CPU
		{6211C9D6-BB11-4FB5-9397-AF951F49D73E}.Debug|Any CPU.ActiveCfg = Debug|Any CPU
		{6211C9D6-BB11-4FB5-9397-AF951F49D73E}.Debug|Any CPU.Build.0 = Debug|Any CPU
		{6211C9D6-BB11-4FB5-9397-AF951F49D73E}.Release|Any CPU.ActiveCfg = Release|Any CPU
		{6211C9D6-BB11-4FB5-9397-AF951F49D73E}.Release|Any CPU.Build.0 = Release|Any CPU
		{B1BB025C-86C0-4BD1-87BE-63C0A2FEC25D}.Debug|Any CPU.ActiveCfg = Debug|Any CPU
		{B1BB025C-86C0-4BD1-87BE-63C0A2FEC25D}.Debug|Any CPU.Build.0 = Debug|Any CPU
		{B1BB025C-86C0-4BD1-87BE-63C0A2FEC25D}.Release|Any CPU.ActiveCfg = Release|Any CPU
		{B1BB025C-86C0-4BD1-87BE-63C0A2FEC25D}.Release|Any CPU.Build.0 = Release|Any CPU
		{DD243F4E-7D22-4B61-BEDF-79DDF191FC2C}.Debug|Any CPU.ActiveCfg = Debug|Any CPU
		{DD243F4E-7D22-4B61-BEDF-79DDF191FC2C}.Debug|Any CPU.Build.0 = Debug|Any CPU
		{DD243F4E-7D22-4B61-BEDF-79DDF191FC2C}.Release|Any CPU.ActiveCfg = Release|Any CPU
		{DD243F4E-7D22-4B61-BEDF-79DDF191FC2C}.Release|Any CPU.Build.0 = Release|Any CPU
		{4313E4F6-B368-49D7-BF0F-3DBC34ABCB45}.Debug|Any CPU.ActiveCfg = Debug|Any CPU
		{4313E4F6-B368-49D7-BF0F-3DBC34ABCB45}.Debug|Any CPU.Build.0 = Debug|Any CPU
		{4313E4F6-B368-49D7-BF0F-3DBC34ABCB45}.Release|Any CPU.ActiveCfg = Release|Any CPU
		{4313E4F6-B368-49D7-BF0F-3DBC34ABCB45}.Release|Any CPU.Build.0 = Release|Any CPU
		{4BA08A49-4E6C-49F1-BB9B-04193C2A6B65}.Debug|Any CPU.ActiveCfg = Debug|Any CPU
		{4BA08A49-4E6C-49F1-BB9B-04193C2A6B65}.Debug|Any CPU.Build.0 = Debug|Any CPU
		{4BA08A49-4E6C-49F1-BB9B-04193C2A6B65}.Release|Any CPU.ActiveCfg = Release|Any CPU
		{4BA08A49-4E6C-49F1-BB9B-04193C2A6B65}.Release|Any CPU.Build.0 = Release|Any CPU
		{1D283EB0-F534-478A-8E5C-80125910280E}.Debug|Any CPU.ActiveCfg = Debug|Any CPU
		{1D283EB0-F534-478A-8E5C-80125910280E}.Debug|Any CPU.Build.0 = Debug|Any CPU
		{1D283EB0-F534-478A-8E5C-80125910280E}.Release|Any CPU.ActiveCfg = Release|Any CPU
		{1D283EB0-F534-478A-8E5C-80125910280E}.Release|Any CPU.Build.0 = Release|Any CPU
	EndGlobalSection
	GlobalSection(SolutionProperties) = preSolution
		HideSolutionNode = FALSE
	EndGlobalSection
	GlobalSection(NestedProjects) = preSolution
		{73D8A9A1-D157-4D22-9132-E0689F031FBA} = {35DBF8F8-89E6-4933-8D12-53839B0099AD}
		{D8CC81E1-C39F-408E-A3F4-F6754D67A1D7} = {FD1D6428-700A-4EC4-8719-43316A02E2E8}
		{35DBF8F8-89E6-4933-8D12-53839B0099AD} = {312C1D97-69B0-4D6B-89A4-0A2205E98506}
		{FD1D6428-700A-4EC4-8719-43316A02E2E8} = {312C1D97-69B0-4D6B-89A4-0A2205E98506}
		{897E3069-D187-4823-B0CB-B0D91F2A8F2C} = {312C1D97-69B0-4D6B-89A4-0A2205E98506}
		{BCB3A850-5429-4A3F-9B28-88CA5AEB8BC9} = {897E3069-D187-4823-B0CB-B0D91F2A8F2C}
		{86041E64-353E-4870-A436-0CF1940643F1} = {35DBF8F8-89E6-4933-8D12-53839B0099AD}
		{17FA4084-4E12-41C8-9404-C73CAC88939F} = {F127B804-43DA-4065-99C7-18AA7CF72818}
		{E8594476-1574-4BE5-9B17-C42C48EF6F97} = {17FA4084-4E12-41C8-9404-C73CAC88939F}
		{5CAD5E38-39CD-4E2E-A939-6AF0D3E8A3D8} = {F127B804-43DA-4065-99C7-18AA7CF72818}
		{60D07A15-1B45-42DC-9BFC-78BD95424E43} = {5CAD5E38-39CD-4E2E-A939-6AF0D3E8A3D8}
		{FFEA7FDB-5C7D-4553-9754-3D5931D8C4DA} = {17FA4084-4E12-41C8-9404-C73CAC88939F}
		{5D2F8A72-9229-4401-8D54-5F80F2127C6F} = {312C1D97-69B0-4D6B-89A4-0A2205E98506}
		{8C87C2D2-713C-4D47-A055-341DD52C480E} = {5D2F8A72-9229-4401-8D54-5F80F2127C6F}
		{A2E8B6DE-BEA6-411F-89C1-EA44EC8D6CD9} = {759A7F80-A18D-48C4-83AD-88AE07C8A917}
		{759A7F80-A18D-48C4-83AD-88AE07C8A917} = {F127B804-43DA-4065-99C7-18AA7CF72818}
		{3D89DD61-1963-4B3A-B874-2849EF59189C} = {F127B804-43DA-4065-99C7-18AA7CF72818}
		{478B2FF1-70C4-4375-8E1B-E35BACFA0499} = {3D89DD61-1963-4B3A-B874-2849EF59189C}
		{6211C9D6-BB11-4FB5-9397-AF951F49D73E} = {897E3069-D187-4823-B0CB-B0D91F2A8F2C}
		{F71C34CE-E780-422A-89C3-299E68C3F8DA} = {F127B804-43DA-4065-99C7-18AA7CF72818}
		{B1BB025C-86C0-4BD1-87BE-63C0A2FEC25D} = {F71C34CE-E780-422A-89C3-299E68C3F8DA}
		{DD243F4E-7D22-4B61-BEDF-79DDF191FC2C} = {897E3069-D187-4823-B0CB-B0D91F2A8F2C}
		{4313E4F6-B368-49D7-BF0F-3DBC34ABCB45} = {57AF1E70-0171-4E34-85D3-3C87F657D684}
		{4BA08A49-4E6C-49F1-BB9B-04193C2A6B65} = {57AF1E70-0171-4E34-85D3-3C87F657D684}
		{1D283EB0-F534-478A-8E5C-80125910280E} = {57AF1E70-0171-4E34-85D3-3C87F657D684}
	EndGlobalSection
	GlobalSection(ExtensibilityGlobals) = postSolution
		SolutionGuid = {28FE7937-CEEE-4156-A27B-54CCED363426}
	EndGlobalSection
EndGlobal
