
Microsoft Visual Studio Solution File, Format Version 12.00
# Visual Studio Version 17
VisualStudioVersion = 17.0.31912.275
MinimumVisualStudioVersion = 10.0.40219.1
Project("{9A19103F-16F7-4668-BE54-9A1E7A4F7556}") = "4oito6.Demonstration.AuditTrail.Sender", "4oito6.Demonstration.AuditTrail.Sender\4oito6.Demonstration.AuditTrail.Sender.csproj", "{43B81FFD-6117-445D-983D-F2CEE60FAB9A}"
EndProject
Project("{9A19103F-16F7-4668-BE54-9A1E7A4F7556}") = "4oito6.Demonstration.AuditTrail.Test", "4oito6.Demonstration.AuditTrail.Test\4oito6.Demonstration.AuditTrail.Test.csproj", "{3E76660E-1BB2-4090-A68E-B2FC8811303F}"
EndProject
Project("{9A19103F-16F7-4668-BE54-9A1E7A4F7556}") = "4oito6.Demonstration.CrossCutting.AuditTrail", "4oito6.Demonstration.CrossCutting.AuditTrail\4oito6.Demonstration.CrossCutting.AuditTrail.csproj", "{61C1AA01-8FEF-46FE-B8FC-059A489676BC}"
EndProject
Project("{9A19103F-16F7-4668-BE54-9A1E7A4F7556}") = "4oito6.Demonstration.Commons", "..\Core\4oito6.Demonstration.Commons\4oito6.Demonstration.Commons.csproj", "{A8D5FA9C-2DF5-4EA3-8E77-1A216AAD8FC4}"
EndProject
Project("{9A19103F-16F7-4668-BE54-9A1E7A4F7556}") = "4oito6.Demonstration.Config", "..\Core\4oito6.Demonstration.Config\4oito6.Demonstration.Config.csproj", "{427716FD-D8F2-434C-A3F1-B8A41538D2A6}"
EndProject
Project("{2150E333-8FDC-42A3-9474-1A3956D46DE8}") = "Core", "Core", "{18CD712F-85CB-4A64-B523-422598BCFABC}"
EndProject
Project("{9A19103F-16F7-4668-BE54-9A1E7A4F7556}") = "4oito6.Demonstration.AuditTrail.Data", "4oito6.Demonstration.AuditTrail.Data\4oito6.Demonstration.AuditTrail.Data.csproj", "{B38CC7AC-C208-4AC5-86C6-3AB8FDDCC5A5}"
EndProject
Project("{9A19103F-16F7-4668-BE54-9A1E7A4F7556}") = "4oito6.Demonstration.AuditTrail.Domain.Data", "4oito6.Demonstration.AuditTrail.Domain.Data\4oito6.Demonstration.AuditTrail.Domain.Data.csproj", "{8FCF6443-46B0-4A8F-97C4-061FD42B9E1C}"
EndProject
Project("{9A19103F-16F7-4668-BE54-9A1E7A4F7556}") = "4oito6.Demonstration.AuditTrail.Domain.Services", "4oito6.Demonstration.AuditTrail.Domain.Services\4oito6.Demonstration.AuditTrail.Domain.Services.csproj", "{A3B58AB8-5F66-4632-A5F9-2E01B62F90EF}"
EndProject
Project("{9A19103F-16F7-4668-BE54-9A1E7A4F7556}") = "4oito6.Demonstration.AuditTrail.Application", "4oito6.Demonstration.AuditTrail.Application\4oito6.Demonstration.AuditTrail.Application.csproj", "{0C6943D5-E123-49F4-9B69-94814841A742}"
EndProject
Project("{9A19103F-16F7-4668-BE54-9A1E7A4F7556}") = "4oito6.Demonstration.AuditTrail.Receiver", "4oito6.Demonstration.AuditTrail.Receiver\4oito6.Demonstration.AuditTrail.Receiver.csproj", "{48910421-D644-4F36-A166-04A18BBC6675}"
EndProject
Global
	GlobalSection(SolutionConfigurationPlatforms) = preSolution
		Debug|Any CPU = Debug|Any CPU
		Release|Any CPU = Release|Any CPU
	EndGlobalSection
	GlobalSection(ProjectConfigurationPlatforms) = postSolution
		{43B81FFD-6117-445D-983D-F2CEE60FAB9A}.Debug|Any CPU.ActiveCfg = Debug|Any CPU
		{43B81FFD-6117-445D-983D-F2CEE60FAB9A}.Debug|Any CPU.Build.0 = Debug|Any CPU
		{43B81FFD-6117-445D-983D-F2CEE60FAB9A}.Release|Any CPU.ActiveCfg = Release|Any CPU
		{43B81FFD-6117-445D-983D-F2CEE60FAB9A}.Release|Any CPU.Build.0 = Release|Any CPU
		{3E76660E-1BB2-4090-A68E-B2FC8811303F}.Debug|Any CPU.ActiveCfg = Debug|Any CPU
		{3E76660E-1BB2-4090-A68E-B2FC8811303F}.Debug|Any CPU.Build.0 = Debug|Any CPU
		{3E76660E-1BB2-4090-A68E-B2FC8811303F}.Release|Any CPU.ActiveCfg = Release|Any CPU
		{3E76660E-1BB2-4090-A68E-B2FC8811303F}.Release|Any CPU.Build.0 = Release|Any CPU
		{61C1AA01-8FEF-46FE-B8FC-059A489676BC}.Debug|Any CPU.ActiveCfg = Debug|Any CPU
		{61C1AA01-8FEF-46FE-B8FC-059A489676BC}.Debug|Any CPU.Build.0 = Debug|Any CPU
		{61C1AA01-8FEF-46FE-B8FC-059A489676BC}.Release|Any CPU.ActiveCfg = Release|Any CPU
		{61C1AA01-8FEF-46FE-B8FC-059A489676BC}.Release|Any CPU.Build.0 = Release|Any CPU
		{A8D5FA9C-2DF5-4EA3-8E77-1A216AAD8FC4}.Debug|Any CPU.ActiveCfg = Debug|Any CPU
		{A8D5FA9C-2DF5-4EA3-8E77-1A216AAD8FC4}.Debug|Any CPU.Build.0 = Debug|Any CPU
		{A8D5FA9C-2DF5-4EA3-8E77-1A216AAD8FC4}.Release|Any CPU.ActiveCfg = Release|Any CPU
		{A8D5FA9C-2DF5-4EA3-8E77-1A216AAD8FC4}.Release|Any CPU.Build.0 = Release|Any CPU
		{427716FD-D8F2-434C-A3F1-B8A41538D2A6}.Debug|Any CPU.ActiveCfg = Debug|Any CPU
		{427716FD-D8F2-434C-A3F1-B8A41538D2A6}.Debug|Any CPU.Build.0 = Debug|Any CPU
		{427716FD-D8F2-434C-A3F1-B8A41538D2A6}.Release|Any CPU.ActiveCfg = Release|Any CPU
		{427716FD-D8F2-434C-A3F1-B8A41538D2A6}.Release|Any CPU.Build.0 = Release|Any CPU
		{B38CC7AC-C208-4AC5-86C6-3AB8FDDCC5A5}.Debug|Any CPU.ActiveCfg = Debug|Any CPU
		{B38CC7AC-C208-4AC5-86C6-3AB8FDDCC5A5}.Debug|Any CPU.Build.0 = Debug|Any CPU
		{B38CC7AC-C208-4AC5-86C6-3AB8FDDCC5A5}.Release|Any CPU.ActiveCfg = Release|Any CPU
		{B38CC7AC-C208-4AC5-86C6-3AB8FDDCC5A5}.Release|Any CPU.Build.0 = Release|Any CPU
		{8FCF6443-46B0-4A8F-97C4-061FD42B9E1C}.Debug|Any CPU.ActiveCfg = Debug|Any CPU
		{8FCF6443-46B0-4A8F-97C4-061FD42B9E1C}.Debug|Any CPU.Build.0 = Debug|Any CPU
		{8FCF6443-46B0-4A8F-97C4-061FD42B9E1C}.Release|Any CPU.ActiveCfg = Release|Any CPU
		{8FCF6443-46B0-4A8F-97C4-061FD42B9E1C}.Release|Any CPU.Build.0 = Release|Any CPU
		{A3B58AB8-5F66-4632-A5F9-2E01B62F90EF}.Debug|Any CPU.ActiveCfg = Debug|Any CPU
		{A3B58AB8-5F66-4632-A5F9-2E01B62F90EF}.Debug|Any CPU.Build.0 = Debug|Any CPU
		{A3B58AB8-5F66-4632-A5F9-2E01B62F90EF}.Release|Any CPU.ActiveCfg = Release|Any CPU
		{A3B58AB8-5F66-4632-A5F9-2E01B62F90EF}.Release|Any CPU.Build.0 = Release|Any CPU
		{0C6943D5-E123-49F4-9B69-94814841A742}.Debug|Any CPU.ActiveCfg = Debug|Any CPU
		{0C6943D5-E123-49F4-9B69-94814841A742}.Debug|Any CPU.Build.0 = Debug|Any CPU
		{0C6943D5-E123-49F4-9B69-94814841A742}.Release|Any CPU.ActiveCfg = Release|Any CPU
		{0C6943D5-E123-49F4-9B69-94814841A742}.Release|Any CPU.Build.0 = Release|Any CPU
		{48910421-D644-4F36-A166-04A18BBC6675}.Debug|Any CPU.ActiveCfg = Debug|Any CPU
		{48910421-D644-4F36-A166-04A18BBC6675}.Debug|Any CPU.Build.0 = Debug|Any CPU
		{48910421-D644-4F36-A166-04A18BBC6675}.Release|Any CPU.ActiveCfg = Release|Any CPU
		{48910421-D644-4F36-A166-04A18BBC6675}.Release|Any CPU.Build.0 = Release|Any CPU
	EndGlobalSection
	GlobalSection(SolutionProperties) = preSolution
		HideSolutionNode = FALSE
	EndGlobalSection
	GlobalSection(NestedProjects) = preSolution
		{A8D5FA9C-2DF5-4EA3-8E77-1A216AAD8FC4} = {18CD712F-85CB-4A64-B523-422598BCFABC}
		{427716FD-D8F2-434C-A3F1-B8A41538D2A6} = {18CD712F-85CB-4A64-B523-422598BCFABC}
	EndGlobalSection
	GlobalSection(ExtensibilityGlobals) = postSolution
		SolutionGuid = {A8D20703-4CB0-441E-8B1E-46C92F1FD48F}
	EndGlobalSection
EndGlobal
